// !$*UTF8*$!
{
	archiveVersion = 1;
	classes = {
	};
	objectVersion = 46;
	objects = {

/* Begin PBXBuildFile section */
		5002AD771B43781C003CC7A5 /* main.swift in Sources */ = {isa = PBXBuildFile; fileRef = 5002AD761B43781C003CC7A5 /* main.swift */; };
		5002AD821B437D23003CC7A5 /* test2.pbxproj in CopyFiles */ = {isa = PBXBuildFile; fileRef = 5002AD7D1B437C6A003CC7A5 /* test2.pbxproj */; };
		5002AD831B437D23003CC7A5 /* testProj.pbxproj in CopyFiles */ = {isa = PBXBuildFile; fileRef = 5002AD7E1B437C6A003CC7A5 /* testProj.pbxproj */; };
/* End PBXBuildFile section */

/* Begin PBXCopyFilesBuildPhase section */
		5002AD811B437D0B003CC7A5 /* CopyFiles */ = {
			isa = PBXCopyFilesBuildPhase;
			buildActionMask = 2147483647;
			dstPath = "";
			dstSubfolderSpec = 16;
			files = (
				5002AD821B437D23003CC7A5 /* test2.pbxproj in CopyFiles */,
				5002AD831B437D23003CC7A5 /* testProj.pbxproj in CopyFiles */,
			);
			runOnlyForDeploymentPostprocessing = 0;
		};
/* End PBXCopyFilesBuildPhase section */

/* Begin PBXFileReference section */
		5002AD731B43781C003CC7A5 /* pbxParse */ = {isa = PBXFileReference; explicitFileType = "compiled.mach-o.executable"; includeInIndex = 0; path = pbxParse; sourceTree = BUILT_PRODUCTS_DIR; };
		5002AD761B43781C003CC7A5 /* main.swift */ = {isa = PBXFileReference; lastKnownFileType = sourcecode.swift; path = main.swift; sourceTree = "<group>"; };
		5002AD7D1B437C6A003CC7A5 /* test2.pbxproj */ = {isa = PBXFileReference; lastKnownFileType = text.pbxproject; path = test2.pbxproj; sourceTree = "<group>"; };
		5002AD7E1B437C6A003CC7A5 /* testProj.pbxproj */ = {isa = PBXFileReference; lastKnownFileType = text.pbxproject; path = testProj.pbxproj; sourceTree = "<group>"; };
/* End PBXFileReference section */

/* Begin PBXFrameworksBuildPhase section */
		5002AD701B43781C003CC7A5 /* Frameworks */ = {
			isa = PBXFrameworksBuildPhase;
			buildActionMask = 2147483647;
			files = (
			);
			runOnlyForDeploymentPostprocessing = 0;
		};
/* End PBXFrameworksBuildPhase section */

/* Begin PBXGroup section */
		5002AD6A1B43781C003CC7A5 = {
			isa = PBXGroup;
			children = (
				5002AD751B43781C003CC7A5 /* pbxParse */,
				5002AD741B43781C003CC7A5 /* Products */,
			);
			sourceTree = "<group>";
		};
		5002AD741B43781C003CC7A5 /* Products */ = {
			isa = PBXGroup;
			children = (
				5002AD731B43781C003CC7A5 /* pbxParse */,
			);
			name = Products;
			sourceTree = "<group>";
		};
		5002AD751B43781C003CC7A5 /* pbxParse */ = {
			isa = PBXGroup;
			children = (
				5002AD7D1B437C6A003CC7A5 /* test2.pbxproj */,
				5002AD7E1B437C6A003CC7A5 /* testProj.pbxproj */,
				5002AD761B43781C003CC7A5 /* main.swift */,
			);
			path = pbxParse;
			sourceTree = "<group>";
		};
/* End PBXGroup section */

/* Begin PBXNativeTarget section */
		5002AD721B43781C003CC7A5 /* pbxParse */ = {
			isa = PBXNativeTarget;
			buildConfigurationList = 5002AD7A1B43781C003CC7A5 /* Build configuration list for PBXNativeTarget "pbxParse" */;
			buildPhases = (
				5002AD6F1B43781C003CC7A5 /* Sources */,
				5002AD701B43781C003CC7A5 /* Frameworks */,
				5002AD811B437D0B003CC7A5 /* CopyFiles */,
			);
			buildRules = (
			);
			dependencies = (
			);
			name = pbxParse;
			productName = pbxParse;
			productReference = 5002AD731B43781C003CC7A5 /* pbxParse */;
			productType = "com.apple.product-type.tool";
		};
/* End PBXNativeTarget section */

/* Begin PBXProject section */
		5002AD6B1B43781C003CC7A5 /* Project object */ = {
			isa = PBXProject;
			attributes = {
				LastUpgradeCheck = 0700;
				ORGANIZATIONNAME = "Anthony Pardee";
				TargetAttributes = {
					5002AD721B43781C003CC7A5 = {
						CreatedOnToolsVersion = 7.0;
					};
				};
			};
			buildConfigurationList = 5002AD6E1B43781C003CC7A5 /* Build configuration list for PBXProject "pbxParse" */;
			compatibilityVersion = "Xcode 3.2";
			developmentRegion = English;
			hasScannedForEncodings = 0;
			knownRegions = (
				en,
			);
			mainGroup = 5002AD6A1B43781C003CC7A5;
			productRefGroup = 5002AD741B43781C003CC7A5 /* Products */;
			projectDirPath = "";
			projectRoot = "";
			targets = (
				5002AD721B43781C003CC7A5 /* pbxParse */,
			);
		};
/* End PBXProject section */

/* Begin PBXSourcesBuildPhase section */
		5002AD6F1B43781C003CC7A5 /* Sources */ = {
			isa = PBXSourcesBuildPhase;
			buildActionMask = 2147483647;
			files = (
				5002AD771B43781C003CC7A5 /* main.swift in Sources */,
			);
			runOnlyForDeploymentPostprocessing = 0;
		};
/* End PBXSourcesBuildPhase section */

/* Begin XCBuildConfiguration section */
		5002AD781B43781C003CC7A5 /* Debug */ = {
			isa = XCBuildConfiguration;
			buildSettings = {
				ALWAYS_SEARCH_USER_PATHS = NO;
				CLANG_CXX_LANGUAGE_STANDARD = "gnu++0x";
				CLANG_CXX_LIBRARY = "libc++";
				CLANG_ENABLE_MODULES = YES;
				CLANG_ENABLE_OBJC_ARC = YES;
				CLANG_WARN_BOOL_CONVERSION = YES;
				CLANG_WARN_CONSTANT_CONVERSION = YES;
				CLANG_WARN_DIRECT_OBJC_ISA_USAGE = YES_ERROR;
				CLANG_WARN_EMPTY_BODY = YES;
				CLANG_WARN_ENUM_CONVERSION = YES;
				CLANG_WARN_INT_CONVERSION = YES;
				CLANG_WARN_OBJC_ROOT_CLASS = YES_ERROR;
				CLANG_WARN_UNREACHABLE_CODE = YES;
				CLANG_WARN__DUPLICATE_METHOD_MATCH = YES;
				COPY_PHASE_STRIP = NO;
				DEBUG_INFORMATION_FORMAT = dwarf;
				ENABLE_STRICT_OBJC_MSGSEND = YES;
				ENABLE_TESTABILITY = YES;
				GCC_C_LANGUAGE_STANDARD = gnu99;
				GCC_DYNAMIC_NO_PIC = NO;
				GCC_NO_COMMON_BLOCKS = YES;
				GCC_OPTIMIZATION_LEVEL = 0;
				GCC_PREPROCESSOR_DEFINITIONS = (
					"DEBUG=1",
					"$(inherited)",
				);
				GCC_WARN_64_TO_32_BIT_CONVERSION = YES;
				GCC_WARN_ABOUT_RETURN_TYPE = YES_ERROR;
				GCC_WARN_UNDECLARED_SELECTOR = YES;
				GCC_WARN_UNINITIALIZED_AUTOS = YES_AGGRESSIVE;
				GCC_WARN_UNUSED_FUNCTION = YES;
				GCC_WARN_UNUSED_VARIABLE = YES;
				MACOSX_DEPLOYMENT_TARGET = 10.10;
				MTL_ENABLE_DEBUG_INFO = YES;
				ONLY_ACTIVE_ARCH = YES;
				SDKROOT = macosx;
				SWIFT_OPTIMIZATION_LEVEL = "-Onone";
			};
			name = Debug;
		};
		5002AD791B43781C003CC7A5 /* Release */ = {
			isa = XCBuildConfiguration;
			buildSettings = {
				ALWAYS_SEARCH_USER_PATHS = NO;
				CLANG_CXX_LANGUAGE_STANDARD = "gnu++0x";
				CLANG_CXX_LIBRARY = "libc++";
				CLANG_ENABLE_MODULES = YES;
				CLANG_ENABLE_OBJC_ARC = YES;
				CLANG_WARN_BOOL_CONVERSION = YES;
				CLANG_WARN_CONSTANT_CONVERSION = YES;
				CLANG_WARN_DIRECT_OBJC_ISA_USAGE = YES_ERROR;
				CLANG_WARN_EMPTY_BODY = YES;
				CLANG_WARN_ENUM_CONVERSION = YES;
				CLANG_WARN_INT_CONVERSION = YES;
				CLANG_WARN_OBJC_ROOT_CLASS = YES_ERROR;
				CLANG_WARN_UNREACHABLE_CODE = YES;
				CLANG_WARN__DUPLICATE_METHOD_MATCH = YES;
				COPY_PHASE_STRIP = NO;
				DEBUG_INFORMATION_FORMAT = "dwarf-with-dsym";
				ENABLE_NS_ASSERTIONS = NO;
				ENABLE_STRICT_OBJC_MSGSEND = YES;
				GCC_C_LANGUAGE_STANDARD = gnu99;
				GCC_NO_COMMON_BLOCKS = YES;
				GCC_WARN_64_TO_32_BIT_CONVERSION = YES;
				GCC_WARN_ABOUT_RETURN_TYPE = YES_ERROR;
				GCC_WARN_UNDECLARED_SELECTOR = YES;
				GCC_WARN_UNINITIALIZED_AUTOS = YES_AGGRESSIVE;
				GCC_WARN_UNUSED_FUNCTION = YES;
				GCC_WARN_UNUSED_VARIABLE = YES;
				MACOSX_DEPLOYMENT_TARGET = 10.10;
				MTL_ENABLE_DEBUG_INFO = NO;
				SDKROOT = macosx;
			};
			name = Release;
		};
		5002AD7B1B43781C003CC7A5 /* Debug */ = {
			isa = XCBuildConfiguration;
			buildSettings = {
				PRODUCT_NAME = "$(TARGET_NAME)";
			};
			name = Debug;
		};
		5002AD7C1B43781C003CC7A5 /* Release */ = {
			isa = XCBuildConfiguration;
			buildSettings = {
				PRODUCT_NAME = "$(TARGET_NAME)";
			};
			name = Release;
		};
/* End XCBuildConfiguration section */

/* Begin XCConfigurationList section */
		5002AD6E1B43781C003CC7A5 /* Build configuration list for PBXProject "pbxParse" */ = {
			isa = XCConfigurationList;
			buildConfigurations = (
				5002AD781B43781C003CC7A5 /* Debug */,
				5002AD791B43781C003CC7A5 /* Release */,
			);
			defaultConfigurationIsVisible = 0;
			defaultConfigurationName = Release;
		};
		5002AD7A1B43781C003CC7A5 /* Build configuration list for PBXNativeTarget "pbxParse" */ = {
			isa = XCConfigurationList;
			buildConfigurations = (
				5002AD7B1B43781C003CC7A5 /* Debug */,
				5002AD7C1B43781C003CC7A5 /* Release */,
			);
			defaultConfigurationIsVisible = 0;
		};
/* End XCConfigurationList section */
	};
	rootObject = 5002AD6B1B43781C003CC7A5 /* Project object */;
}
